
Microsoft Visual Studio Solution File, Format Version 12.00
# Visual Studio Version 16
VisualStudioVersion = 16.0.31025.194
MinimumVisualStudioVersion = 10.0.40219.1
Project("{FAE04EC0-301F-11D3-BF4B-00C04F79EFBC}") = "MatrixParallel", "MatrixParallel.csproj", "{CD9D4B10-0545-46B3-BD5F-8A388A4F54DF}"
EndProject
Global
	GlobalSection(SolutionConfigurationPlatforms) = preSolution
		Debug|Any CPU = Debug|Any CPU
		Release|Any CPU = Release|Any CPU
	EndGlobalSection
	GlobalSection(ProjectConfigurationPlatforms) = postSolution
		{CD9D4B10-0545-46B3-BD5F-8A388A4F54DF}.Debug|Any CPU.ActiveCfg = Debug|Any CPU
		{CD9D4B10-0545-46B3-BD5F-8A388A4F54DF}.Debug|Any CPU.Build.0 = Debug|Any CPU
		{CD9D4B10-0545-46B3-BD5F-8A388A4F54DF}.Release|Any CPU.ActiveCfg = Release|Any CPU
		{CD9D4B10-0545-46B3-BD5F-8A388A4F54DF}.Release|Any CPU.Build.0 = Release|Any CPU
	EndGlobalSection
	GlobalSection(SolutionProperties) = preSolution
		HideSolutionNode = FALSE
	EndGlobalSection
	GlobalSection(ExtensibilityGlobals) = postSolution
		SolutionGuid = {A7DB7194-D7CF-4163-B55E-BB741A1E4D7D}
	EndGlobalSection
EndGlobal
